
Microsoft Visual Studio Solution File, Format Version 12.00
# Visual Studio Version 17
VisualStudioVersion = 17.5.002.0
MinimumVisualStudioVersion = 10.0.40219.1
Project("{9A19103F-16F7-4668-BE54-9A1E7A4F7556}") = "SynthSettings.Net", "SynthSettings.Net.csproj", "{92333EB7-BAF1-4ABF-B685-F068056F445B}"
EndProject
Global
	GlobalSection(SolutionConfigurationPlatforms) = preSolution
		Debug|Any CPU = Debug|Any CPU
		Release|Any CPU = Release|Any CPU
	EndGlobalSection
	GlobalSection(ProjectConfigurationPlatforms) = postSolution
		{92333EB7-BAF1-4ABF-B685-F068056F445B}.Debug|Any CPU.ActiveCfg = Debug|Any CPU
		{92333EB7-BAF1-4ABF-B685-F068056F445B}.Debug|Any CPU.Build.0 = Debug|Any CPU
		{92333EB7-BAF1-4ABF-B685-F068056F445B}.Release|Any CPU.ActiveCfg = Release|Any CPU
		{92333EB7-BAF1-4ABF-B685-F068056F445B}.Release|Any CPU.Build.0 = Release|Any CPU
	EndGlobalSection
	GlobalSection(SolutionProperties) = preSolution
		HideSolutionNode = FALSE
	EndGlobalSection
	GlobalSection(ExtensibilityGlobals) = postSolution
		SolutionGuid = {9A1B166B-05CD-4684-85B1-8F2C02BE9E49}
	EndGlobalSection
EndGlobal
